
Microsoft Visual Studio Solution File, Format Version 12.00
# Visual Studio 15
VisualStudioVersion = 15.0.27130.2010
MinimumVisualStudioVersion = 10.0.40219.1
Project("{888888A0-9F3D-457C-B088-3A5042F75D52}") = "serie example", "serie example\serie example.pyproj", "{1C5FF1E9-B9C4-4C0F-A616-39203E75A8E2}"
EndProject
Global
	GlobalSection(SolutionConfigurationPlatforms) = preSolution
		Debug|Any CPU = Debug|Any CPU
		Release|Any CPU = Release|Any CPU
	EndGlobalSection
	GlobalSection(ProjectConfigurationPlatforms) = postSolution
		{1C5FF1E9-B9C4-4C0F-A616-39203E75A8E2}.Debug|Any CPU.ActiveCfg = Debug|Any CPU
		{1C5FF1E9-B9C4-4C0F-A616-39203E75A8E2}.Release|Any CPU.ActiveCfg = Release|Any CPU
	EndGlobalSection
	GlobalSection(SolutionProperties) = preSolution
		HideSolutionNode = FALSE
	EndGlobalSection
	GlobalSection(ExtensibilityGlobals) = postSolution
		SolutionGuid = {F21B660E-515B-4D30-BC2B-7910C743D281}
	EndGlobalSection
EndGlobal
